
Microsoft Visual Studio Solution File, Format Version 12.00
# Visual Studio Version 17
VisualStudioVersion = 17.8.34322.80
MinimumVisualStudioVersion = 10.0.40219.1
Project("{9A19103F-16F7-4668-BE54-9A1E7A4F7556}") = "xadrez-console", "Xadrez-Console\xadrez-console.csproj", "{AC1FD4FA-4BFA-4EBF-9D6C-62D3C08D053C}"
EndProject
Global
	GlobalSection(SolutionConfigurationPlatforms) = preSolution
		Debug|Any CPU = Debug|Any CPU
		Release|Any CPU = Release|Any CPU
	EndGlobalSection
	GlobalSection(ProjectConfigurationPlatforms) = postSolution
		{AC1FD4FA-4BFA-4EBF-9D6C-62D3C08D053C}.Debug|Any CPU.ActiveCfg = Debug|Any CPU
		{AC1FD4FA-4BFA-4EBF-9D6C-62D3C08D053C}.Debug|Any CPU.Build.0 = Debug|Any CPU
		{AC1FD4FA-4BFA-4EBF-9D6C-62D3C08D053C}.Release|Any CPU.ActiveCfg = Release|Any CPU
		{AC1FD4FA-4BFA-4EBF-9D6C-62D3C08D053C}.Release|Any CPU.Build.0 = Release|Any CPU
	EndGlobalSection
	GlobalSection(SolutionProperties) = preSolution
		HideSolutionNode = FALSE
	EndGlobalSection
	GlobalSection(ExtensibilityGlobals) = postSolution
		SolutionGuid = {535AD588-CAAB-4447-8B4A-0B31E3F873DF}
	EndGlobalSection
EndGlobal
